
Microsoft Visual Studio Solution File, Format Version 12.00
# Visual Studio Version 16
VisualStudioVersion = 16.0.30717.126
MinimumVisualStudioVersion = 10.0.40219.1
Project("{6EC3EE1D-3C4E-46DD-8F32-0CC8E7565705}") = "Day1", "Day1\Day1.fsproj", "{E7933991-0A35-4762-B42B-6F2E73D4B4F9}"
EndProject
Project("{6EC3EE1D-3C4E-46DD-8F32-0CC8E7565705}") = "Day2", "Day2\Day2.fsproj", "{806BF61B-709E-4C72-BFB2-3130B17AEC25}"
EndProject
Project("{6EC3EE1D-3C4E-46DD-8F32-0CC8E7565705}") = "Day3", "Day3\Day3.fsproj", "{DBC81801-912F-41D2-A926-AC5685B6DA35}"
EndProject
Project("{6EC3EE1D-3C4E-46DD-8F32-0CC8E7565705}") = "Day4", "Day4\Day4.fsproj", "{0E0DB3E9-145A-4E34-98F8-641417A3ABF7}"
EndProject
Project("{6EC3EE1D-3C4E-46DD-8F32-0CC8E7565705}") = "AoCTest", "AoCTest\AoCTest.fsproj", "{1D39525B-7F00-4973-A217-F603496F57E2}"
EndProject
Project("{6EC3EE1D-3C4E-46DD-8F32-0CC8E7565705}") = "Day5", "Day5\Day5.fsproj", "{995FDF7F-75FA-45B0-BC87-2B4C07645D9F}"
EndProject
Project("{6EC3EE1D-3C4E-46DD-8F32-0CC8E7565705}") = "Day6", "Day6\Day6.fsproj", "{4D7DA57B-9C34-4A08-B6E3-4016C5BD1807}"
EndProject
Project("{6EC3EE1D-3C4E-46DD-8F32-0CC8E7565705}") = "Common", "Common\Common.fsproj", "{9D8D68F6-7489-450B-8089-565E74E4F25B}"
EndProject
Project("{6EC3EE1D-3C4E-46DD-8F32-0CC8E7565705}") = "Day7", "Day7\Day7.fsproj", "{EA2E5558-39E4-4304-816C-E98D1C8BCAEE}"
EndProject
Project("{6EC3EE1D-3C4E-46DD-8F32-0CC8E7565705}") = "Day8", "Day8\Day8.fsproj", "{1CDB5F50-623E-4F07-A861-75438891CCB7}"
EndProject
Project("{6EC3EE1D-3C4E-46DD-8F32-0CC8E7565705}") = "Day9", "Day9\Day9.fsproj", "{9D93BEB1-78FC-48FF-AFA5-38FE28D43CAB}"
EndProject
Project("{6EC3EE1D-3C4E-46DD-8F32-0CC8E7565705}") = "Day10", "Day10\Day10.fsproj", "{6AF0707A-DF3D-4173-A857-780FC0A7897A}"
EndProject
Project("{6EC3EE1D-3C4E-46DD-8F32-0CC8E7565705}") = "Day12", "Day12\Day12.fsproj", "{2C33EC2B-46EA-43DD-BB01-F3E46C529C4F}"
EndProject
Project("{6EC3EE1D-3C4E-46DD-8F32-0CC8E7565705}") = "Day13", "Day13\Day13.fsproj", "{E5E4AC88-2D17-46D3-812E-DA8A4089454C}"
EndProject
Project("{F2A71F9B-5D33-465A-A702-920D77279786}") = "Day11", "Day11\Day11.fsproj", "{8C6A9BE9-1A20-4843-860A-C5FF7899CAE5}"
EndProject
Global
	GlobalSection(SolutionConfigurationPlatforms) = preSolution
		Debug|Any CPU = Debug|Any CPU
		Release|Any CPU = Release|Any CPU
	EndGlobalSection
	GlobalSection(ProjectConfigurationPlatforms) = postSolution
		{E7933991-0A35-4762-B42B-6F2E73D4B4F9}.Debug|Any CPU.ActiveCfg = Debug|Any CPU
		{E7933991-0A35-4762-B42B-6F2E73D4B4F9}.Debug|Any CPU.Build.0 = Debug|Any CPU
		{E7933991-0A35-4762-B42B-6F2E73D4B4F9}.Release|Any CPU.ActiveCfg = Release|Any CPU
		{E7933991-0A35-4762-B42B-6F2E73D4B4F9}.Release|Any CPU.Build.0 = Release|Any CPU
		{806BF61B-709E-4C72-BFB2-3130B17AEC25}.Debug|Any CPU.ActiveCfg = Debug|Any CPU
		{806BF61B-709E-4C72-BFB2-3130B17AEC25}.Debug|Any CPU.Build.0 = Debug|Any CPU
		{806BF61B-709E-4C72-BFB2-3130B17AEC25}.Release|Any CPU.ActiveCfg = Release|Any CPU
		{806BF61B-709E-4C72-BFB2-3130B17AEC25}.Release|Any CPU.Build.0 = Release|Any CPU
		{DBC81801-912F-41D2-A926-AC5685B6DA35}.Debug|Any CPU.ActiveCfg = Debug|Any CPU
		{DBC81801-912F-41D2-A926-AC5685B6DA35}.Debug|Any CPU.Build.0 = Debug|Any CPU
		{DBC81801-912F-41D2-A926-AC5685B6DA35}.Release|Any CPU.ActiveCfg = Release|Any CPU
		{DBC81801-912F-41D2-A926-AC5685B6DA35}.Release|Any CPU.Build.0 = Release|Any CPU
		{0E0DB3E9-145A-4E34-98F8-641417A3ABF7}.Debug|Any CPU.ActiveCfg = Debug|Any CPU
		{0E0DB3E9-145A-4E34-98F8-641417A3ABF7}.Debug|Any CPU.Build.0 = Debug|Any CPU
		{0E0DB3E9-145A-4E34-98F8-641417A3ABF7}.Release|Any CPU.ActiveCfg = Release|Any CPU
		{0E0DB3E9-145A-4E34-98F8-641417A3ABF7}.Release|Any CPU.Build.0 = Release|Any CPU
		{1D39525B-7F00-4973-A217-F603496F57E2}.Debug|Any CPU.ActiveCfg = Debug|Any CPU
		{1D39525B-7F00-4973-A217-F603496F57E2}.Debug|Any CPU.Build.0 = Debug|Any CPU
		{1D39525B-7F00-4973-A217-F603496F57E2}.Release|Any CPU.ActiveCfg = Release|Any CPU
		{1D39525B-7F00-4973-A217-F603496F57E2}.Release|Any CPU.Build.0 = Release|Any CPU
		{995FDF7F-75FA-45B0-BC87-2B4C07645D9F}.Debug|Any CPU.ActiveCfg = Debug|Any CPU
		{995FDF7F-75FA-45B0-BC87-2B4C07645D9F}.Debug|Any CPU.Build.0 = Debug|Any CPU
		{995FDF7F-75FA-45B0-BC87-2B4C07645D9F}.Release|Any CPU.ActiveCfg = Release|Any CPU
		{995FDF7F-75FA-45B0-BC87-2B4C07645D9F}.Release|Any CPU.Build.0 = Release|Any CPU
		{4D7DA57B-9C34-4A08-B6E3-4016C5BD1807}.Debug|Any CPU.ActiveCfg = Debug|Any CPU
		{4D7DA57B-9C34-4A08-B6E3-4016C5BD1807}.Debug|Any CPU.Build.0 = Debug|Any CPU
		{4D7DA57B-9C34-4A08-B6E3-4016C5BD1807}.Release|Any CPU.ActiveCfg = Release|Any CPU
		{4D7DA57B-9C34-4A08-B6E3-4016C5BD1807}.Release|Any CPU.Build.0 = Release|Any CPU
		{9D8D68F6-7489-450B-8089-565E74E4F25B}.Debug|Any CPU.ActiveCfg = Debug|Any CPU
		{9D8D68F6-7489-450B-8089-565E74E4F25B}.Debug|Any CPU.Build.0 = Debug|Any CPU
		{9D8D68F6-7489-450B-8089-565E74E4F25B}.Release|Any CPU.ActiveCfg = Release|Any CPU
		{9D8D68F6-7489-450B-8089-565E74E4F25B}.Release|Any CPU.Build.0 = Release|Any CPU
		{EA2E5558-39E4-4304-816C-E98D1C8BCAEE}.Debug|Any CPU.ActiveCfg = Debug|Any CPU
		{EA2E5558-39E4-4304-816C-E98D1C8BCAEE}.Debug|Any CPU.Build.0 = Debug|Any CPU
		{EA2E5558-39E4-4304-816C-E98D1C8BCAEE}.Release|Any CPU.ActiveCfg = Release|Any CPU
		{EA2E5558-39E4-4304-816C-E98D1C8BCAEE}.Release|Any CPU.Build.0 = Release|Any CPU
		{1CDB5F50-623E-4F07-A861-75438891CCB7}.Debug|Any CPU.ActiveCfg = Debug|Any CPU
		{1CDB5F50-623E-4F07-A861-75438891CCB7}.Debug|Any CPU.Build.0 = Debug|Any CPU
		{1CDB5F50-623E-4F07-A861-75438891CCB7}.Release|Any CPU.ActiveCfg = Release|Any CPU
		{1CDB5F50-623E-4F07-A861-75438891CCB7}.Release|Any CPU.Build.0 = Release|Any CPU
		{9D93BEB1-78FC-48FF-AFA5-38FE28D43CAB}.Debug|Any CPU.ActiveCfg = Debug|Any CPU
		{9D93BEB1-78FC-48FF-AFA5-38FE28D43CAB}.Debug|Any CPU.Build.0 = Debug|Any CPU
		{9D93BEB1-78FC-48FF-AFA5-38FE28D43CAB}.Release|Any CPU.ActiveCfg = Release|Any CPU
		{9D93BEB1-78FC-48FF-AFA5-38FE28D43CAB}.Release|Any CPU.Build.0 = Release|Any CPU
		{6AF0707A-DF3D-4173-A857-780FC0A7897A}.Debug|Any CPU.ActiveCfg = Debug|Any CPU
		{6AF0707A-DF3D-4173-A857-780FC0A7897A}.Debug|Any CPU.Build.0 = Debug|Any CPU
		{6AF0707A-DF3D-4173-A857-780FC0A7897A}.Release|Any CPU.ActiveCfg = Release|Any CPU
		{6AF0707A-DF3D-4173-A857-780FC0A7897A}.Release|Any CPU.Build.0 = Release|Any CPU
		{2C33EC2B-46EA-43DD-BB01-F3E46C529C4F}.Debug|Any CPU.ActiveCfg = Debug|Any CPU
		{2C33EC2B-46EA-43DD-BB01-F3E46C529C4F}.Debug|Any CPU.Build.0 = Debug|Any CPU
		{2C33EC2B-46EA-43DD-BB01-F3E46C529C4F}.Release|Any CPU.ActiveCfg = Release|Any CPU
		{2C33EC2B-46EA-43DD-BB01-F3E46C529C4F}.Release|Any CPU.Build.0 = Release|Any CPU
		{E5E4AC88-2D17-46D3-812E-DA8A4089454C}.Debug|Any CPU.ActiveCfg = Debug|Any CPU
		{E5E4AC88-2D17-46D3-812E-DA8A4089454C}.Debug|Any CPU.Build.0 = Debug|Any CPU
		{E5E4AC88-2D17-46D3-812E-DA8A4089454C}.Release|Any CPU.ActiveCfg = Release|Any CPU
		{E5E4AC88-2D17-46D3-812E-DA8A4089454C}.Release|Any CPU.Build.0 = Release|Any CPU
		{8C6A9BE9-1A20-4843-860A-C5FF7899CAE5}.Debug|Any CPU.ActiveCfg = Debug|Any CPU
		{8C6A9BE9-1A20-4843-860A-C5FF7899CAE5}.Debug|Any CPU.Build.0 = Debug|Any CPU
		{8C6A9BE9-1A20-4843-860A-C5FF7899CAE5}.Release|Any CPU.ActiveCfg = Release|Any CPU
		{8C6A9BE9-1A20-4843-860A-C5FF7899CAE5}.Release|Any CPU.Build.0 = Release|Any CPU
	EndGlobalSection
	GlobalSection(SolutionProperties) = preSolution
		HideSolutionNode = FALSE
	EndGlobalSection
	GlobalSection(ExtensibilityGlobals) = postSolution
		SolutionGuid = {5DD8E0B8-B884-42E1-9942-6EED1ABF8A97}
	EndGlobalSection
EndGlobal
