
Microsoft Visual Studio Solution File, Format Version 12.00
# Visual Studio Version 16
VisualStudioVersion = 16.0.30717.126
MinimumVisualStudioVersion = 10.0.40219.1
Project("{6EC3EE1D-3C4E-46DD-8F32-0CC8E7565705}") = "Day1", "Day1\Day1.fsproj", "{E7933991-0A35-4762-B42B-6F2E73D4B4F9}"
EndProject
Project("{6EC3EE1D-3C4E-46DD-8F32-0CC8E7565705}") = "Day2", "Day2\Day2.fsproj", "{806BF61B-709E-4C72-BFB2-3130B17AEC25}"
EndProject
Project("{F2A71F9B-5D33-465A-A702-920D77279786}") = "Day3", "Day3\Day3.fsproj", "{DBC81801-912F-41D2-A926-AC5685B6DA35}"
EndProject
Global
	GlobalSection(SolutionConfigurationPlatforms) = preSolution
		Debug|Any CPU = Debug|Any CPU
		Release|Any CPU = Release|Any CPU
	EndGlobalSection
	GlobalSection(ProjectConfigurationPlatforms) = postSolution
		{E7933991-0A35-4762-B42B-6F2E73D4B4F9}.Debug|Any CPU.ActiveCfg = Debug|Any CPU
		{E7933991-0A35-4762-B42B-6F2E73D4B4F9}.Debug|Any CPU.Build.0 = Debug|Any CPU
		{E7933991-0A35-4762-B42B-6F2E73D4B4F9}.Release|Any CPU.ActiveCfg = Release|Any CPU
		{E7933991-0A35-4762-B42B-6F2E73D4B4F9}.Release|Any CPU.Build.0 = Release|Any CPU
		{806BF61B-709E-4C72-BFB2-3130B17AEC25}.Debug|Any CPU.ActiveCfg = Debug|Any CPU
		{806BF61B-709E-4C72-BFB2-3130B17AEC25}.Debug|Any CPU.Build.0 = Debug|Any CPU
		{806BF61B-709E-4C72-BFB2-3130B17AEC25}.Release|Any CPU.ActiveCfg = Release|Any CPU
		{806BF61B-709E-4C72-BFB2-3130B17AEC25}.Release|Any CPU.Build.0 = Release|Any CPU
		{DBC81801-912F-41D2-A926-AC5685B6DA35}.Debug|Any CPU.ActiveCfg = Debug|Any CPU
		{DBC81801-912F-41D2-A926-AC5685B6DA35}.Debug|Any CPU.Build.0 = Debug|Any CPU
		{DBC81801-912F-41D2-A926-AC5685B6DA35}.Release|Any CPU.ActiveCfg = Release|Any CPU
		{DBC81801-912F-41D2-A926-AC5685B6DA35}.Release|Any CPU.Build.0 = Release|Any CPU
	EndGlobalSection
	GlobalSection(SolutionProperties) = preSolution
		HideSolutionNode = FALSE
	EndGlobalSection
	GlobalSection(ExtensibilityGlobals) = postSolution
		SolutionGuid = {5DD8E0B8-B884-42E1-9942-6EED1ABF8A97}
	EndGlobalSection
EndGlobal
